
Microsoft Visual Studio Solution File, Format Version 12.00
# Visual Studio Version 17
VisualStudioVersion = 17.3.32804.467
MinimumVisualStudioVersion = 10.0.40219.1
Project("{9A19103F-16F7-4668-BE54-9A1E7A4F7556}") = "WebAppDETAug2022", "WebAppDETAug2022\WebAppDETAug2022.csproj", "{5CBB3D08-3B4C-4AC2-BFB5-734A8A39A80F}"
EndProject
Project("{9A19103F-16F7-4668-BE54-9A1E7A4F7556}") = "MVCDemo", "MVCDemo\MVCDemo.csproj", "{DB7E270B-C600-467E-98BA-1BE1D7289A42}"
EndProject
Project("{9A19103F-16F7-4668-BE54-9A1E7A4F7556}") = "ContosoUniversity", "ContosoUniversity\ContosoUniversity.csproj", "{20F5E892-6839-4FE6-B196-8C1BC09A4D6E}"
EndProject
Project("{9A19103F-16F7-4668-BE54-9A1E7A4F7556}") = "APIDemo", "APIDemo\APIDemo.csproj", "{BC3AF99D-3C89-4650-A4AF-3663B550A0D4}"
EndProject
Project("{9A19103F-16F7-4668-BE54-9A1E7A4F7556}") = "ConsoleAPIClient", "ConsoleAPIClient\ConsoleAPIClient.csproj", "{17311BFC-F04C-41FF-B061-7E21CB5D60BF}"
EndProject
Project("{9A19103F-16F7-4668-BE54-9A1E7A4F7556}") = "Bank", "Bank\Bank.csproj", "{42E2044D-699C-48C7-80EC-F90835FFB098}"
EndProject
Project("{9A19103F-16F7-4668-BE54-9A1E7A4F7556}") = "BankTests", "BankTests\BankTests.csproj", "{228A29A7-F87C-4AF4-9553-B18BA7A0298B}"
EndProject
Project("{9A19103F-16F7-4668-BE54-9A1E7A4F7556}") = "MyFirstUnitTests", "MyFirstUnitTests\MyFirstUnitTests.csproj", "{83586EF2-12AA-4758-9136-45807D8F6086}"
EndProject
Project("{9A19103F-16F7-4668-BE54-9A1E7A4F7556}") = "TestProject_ClassLibPizza", "TestProject_ClassLibPizza\TestProject_ClassLibPizza.csproj", "{86B4DC7D-95BC-4F61-A714-127D9F27BB8D}"
EndProject
Project("{FAE04EC0-301F-11D3-BF4B-00C04F79EFBC}") = "TDDDemo", "TDDDemo\TDDDemo.csproj", "{08FD0516-3EA2-4D83-AAF2-F08A7E291C9B}"
EndProject
Project("{FAE04EC0-301F-11D3-BF4B-00C04F79EFBC}") = "LibraryAPI", "LibraryAPI\LibraryAPI.csproj", "{BFDF3213-C958-4BEF-8A8D-9069A08A56BF}"
EndProject
Project("{FAE04EC0-301F-11D3-BF4B-00C04F79EFBC}") = "BooksControllerTest", "BooksControllerTest\BooksControllerTest.csproj", "{EE9316FD-A414-413A-9CD6-53B9156B2E6E}"
EndProject
Global
	GlobalSection(SolutionConfigurationPlatforms) = preSolution
		Debug|Any CPU = Debug|Any CPU
		Release|Any CPU = Release|Any CPU
	EndGlobalSection
	GlobalSection(ProjectConfigurationPlatforms) = postSolution
		{5CBB3D08-3B4C-4AC2-BFB5-734A8A39A80F}.Debug|Any CPU.ActiveCfg = Debug|Any CPU
		{5CBB3D08-3B4C-4AC2-BFB5-734A8A39A80F}.Debug|Any CPU.Build.0 = Debug|Any CPU
		{5CBB3D08-3B4C-4AC2-BFB5-734A8A39A80F}.Release|Any CPU.ActiveCfg = Release|Any CPU
		{5CBB3D08-3B4C-4AC2-BFB5-734A8A39A80F}.Release|Any CPU.Build.0 = Release|Any CPU
		{DB7E270B-C600-467E-98BA-1BE1D7289A42}.Debug|Any CPU.ActiveCfg = Debug|Any CPU
		{DB7E270B-C600-467E-98BA-1BE1D7289A42}.Debug|Any CPU.Build.0 = Debug|Any CPU
		{DB7E270B-C600-467E-98BA-1BE1D7289A42}.Release|Any CPU.ActiveCfg = Release|Any CPU
		{DB7E270B-C600-467E-98BA-1BE1D7289A42}.Release|Any CPU.Build.0 = Release|Any CPU
		{20F5E892-6839-4FE6-B196-8C1BC09A4D6E}.Debug|Any CPU.ActiveCfg = Debug|Any CPU
		{20F5E892-6839-4FE6-B196-8C1BC09A4D6E}.Debug|Any CPU.Build.0 = Debug|Any CPU
		{20F5E892-6839-4FE6-B196-8C1BC09A4D6E}.Release|Any CPU.ActiveCfg = Release|Any CPU
		{20F5E892-6839-4FE6-B196-8C1BC09A4D6E}.Release|Any CPU.Build.0 = Release|Any CPU
		{BC3AF99D-3C89-4650-A4AF-3663B550A0D4}.Debug|Any CPU.ActiveCfg = Debug|Any CPU
		{BC3AF99D-3C89-4650-A4AF-3663B550A0D4}.Debug|Any CPU.Build.0 = Debug|Any CPU
		{BC3AF99D-3C89-4650-A4AF-3663B550A0D4}.Release|Any CPU.ActiveCfg = Release|Any CPU
		{BC3AF99D-3C89-4650-A4AF-3663B550A0D4}.Release|Any CPU.Build.0 = Release|Any CPU
		{17311BFC-F04C-41FF-B061-7E21CB5D60BF}.Debug|Any CPU.ActiveCfg = Debug|Any CPU
		{17311BFC-F04C-41FF-B061-7E21CB5D60BF}.Debug|Any CPU.Build.0 = Debug|Any CPU
		{17311BFC-F04C-41FF-B061-7E21CB5D60BF}.Release|Any CPU.ActiveCfg = Release|Any CPU
		{17311BFC-F04C-41FF-B061-7E21CB5D60BF}.Release|Any CPU.Build.0 = Release|Any CPU
		{42E2044D-699C-48C7-80EC-F90835FFB098}.Debug|Any CPU.ActiveCfg = Debug|Any CPU
		{42E2044D-699C-48C7-80EC-F90835FFB098}.Debug|Any CPU.Build.0 = Debug|Any CPU
		{42E2044D-699C-48C7-80EC-F90835FFB098}.Release|Any CPU.ActiveCfg = Release|Any CPU
		{42E2044D-699C-48C7-80EC-F90835FFB098}.Release|Any CPU.Build.0 = Release|Any CPU
		{228A29A7-F87C-4AF4-9553-B18BA7A0298B}.Debug|Any CPU.ActiveCfg = Debug|Any CPU
		{228A29A7-F87C-4AF4-9553-B18BA7A0298B}.Debug|Any CPU.Build.0 = Debug|Any CPU
		{228A29A7-F87C-4AF4-9553-B18BA7A0298B}.Release|Any CPU.ActiveCfg = Release|Any CPU
		{228A29A7-F87C-4AF4-9553-B18BA7A0298B}.Release|Any CPU.Build.0 = Release|Any CPU
		{83586EF2-12AA-4758-9136-45807D8F6086}.Debug|Any CPU.ActiveCfg = Debug|Any CPU
		{83586EF2-12AA-4758-9136-45807D8F6086}.Debug|Any CPU.Build.0 = Debug|Any CPU
		{83586EF2-12AA-4758-9136-45807D8F6086}.Release|Any CPU.ActiveCfg = Release|Any CPU
		{83586EF2-12AA-4758-9136-45807D8F6086}.Release|Any CPU.Build.0 = Release|Any CPU
		{86B4DC7D-95BC-4F61-A714-127D9F27BB8D}.Debug|Any CPU.ActiveCfg = Debug|Any CPU
		{86B4DC7D-95BC-4F61-A714-127D9F27BB8D}.Debug|Any CPU.Build.0 = Debug|Any CPU
		{86B4DC7D-95BC-4F61-A714-127D9F27BB8D}.Release|Any CPU.ActiveCfg = Release|Any CPU
		{86B4DC7D-95BC-4F61-A714-127D9F27BB8D}.Release|Any CPU.Build.0 = Release|Any CPU
		{08FD0516-3EA2-4D83-AAF2-F08A7E291C9B}.Debug|Any CPU.ActiveCfg = Debug|Any CPU
		{08FD0516-3EA2-4D83-AAF2-F08A7E291C9B}.Debug|Any CPU.Build.0 = Debug|Any CPU
		{08FD0516-3EA2-4D83-AAF2-F08A7E291C9B}.Release|Any CPU.ActiveCfg = Release|Any CPU
		{08FD0516-3EA2-4D83-AAF2-F08A7E291C9B}.Release|Any CPU.Build.0 = Release|Any CPU
		{BFDF3213-C958-4BEF-8A8D-9069A08A56BF}.Debug|Any CPU.ActiveCfg = Debug|Any CPU
		{BFDF3213-C958-4BEF-8A8D-9069A08A56BF}.Debug|Any CPU.Build.0 = Debug|Any CPU
		{BFDF3213-C958-4BEF-8A8D-9069A08A56BF}.Release|Any CPU.ActiveCfg = Release|Any CPU
		{BFDF3213-C958-4BEF-8A8D-9069A08A56BF}.Release|Any CPU.Build.0 = Release|Any CPU
		{EE9316FD-A414-413A-9CD6-53B9156B2E6E}.Debug|Any CPU.ActiveCfg = Debug|Any CPU
		{EE9316FD-A414-413A-9CD6-53B9156B2E6E}.Debug|Any CPU.Build.0 = Debug|Any CPU
		{EE9316FD-A414-413A-9CD6-53B9156B2E6E}.Release|Any CPU.ActiveCfg = Release|Any CPU
		{EE9316FD-A414-413A-9CD6-53B9156B2E6E}.Release|Any CPU.Build.0 = Release|Any CPU
	EndGlobalSection
	GlobalSection(SolutionProperties) = preSolution
		HideSolutionNode = FALSE
	EndGlobalSection
	GlobalSection(ExtensibilityGlobals) = postSolution
		SolutionGuid = {1AD00482-B774-4433-BF17-D731E9C611CE}
	EndGlobalSection
EndGlobal
